
Microsoft Visual Studio Solution File, Format Version 12.00
# Visual Studio 15
VisualStudioVersion = 15.0.26730.16
MinimumVisualStudioVersion = 10.0.40219.1
Project("{FAE04EC0-301F-11D3-BF4B-00C04F79EFBC}") = "App7", "App7\App7.csproj", "{44926846-0874-4C8D-BEC4-B7533286AABE}"
EndProject
Global
	GlobalSection(SolutionConfigurationPlatforms) = preSolution
		Debug|Any CPU = Debug|Any CPU
		Release|Any CPU = Release|Any CPU
	EndGlobalSection
	GlobalSection(ProjectConfigurationPlatforms) = postSolution
		{44926846-0874-4C8D-BEC4-B7533286AABE}.Debug|Any CPU.ActiveCfg = Debug|Any CPU
		{44926846-0874-4C8D-BEC4-B7533286AABE}.Debug|Any CPU.Build.0 = Debug|Any CPU
		{44926846-0874-4C8D-BEC4-B7533286AABE}.Debug|Any CPU.Deploy.0 = Debug|Any CPU
		{44926846-0874-4C8D-BEC4-B7533286AABE}.Release|Any CPU.ActiveCfg = Release|Any CPU
		{44926846-0874-4C8D-BEC4-B7533286AABE}.Release|Any CPU.Build.0 = Release|Any CPU
		{44926846-0874-4C8D-BEC4-B7533286AABE}.Release|Any CPU.Deploy.0 = Release|Any CPU
	EndGlobalSection
	GlobalSection(SolutionProperties) = preSolution
		HideSolutionNode = FALSE
	EndGlobalSection
	GlobalSection(ExtensibilityGlobals) = postSolution
		SolutionGuid = {3424A74E-9973-40D3-8155-7C7C3952D3DC}
	EndGlobalSection
EndGlobal
